// !$*UTF8*$!
{
	archiveVersion = 1;
	classes = {
	};
	objectVersion = 55;
	objects = {

/* Begin PBXBuildFile section */
		4D04677D2843F67800DFBEA4 /* CityTableViewController.swift in Sources */ = {isa = PBXBuildFile; fileRef = 4D04677C2843F67800DFBEA4 /* CityTableViewController.swift */; };
		4D07C8DE2858AD190014BBB6 /* ListCountryData.swift in Sources */ = {isa = PBXBuildFile; fileRef = 4D07C8DD2858AD190014BBB6 /* ListCountryData.swift */; };
		4D07C8E02858ADA80014BBB6 /* ListCountryService.swift in Sources */ = {isa = PBXBuildFile; fileRef = 4D07C8DF2858ADA80014BBB6 /* ListCountryService.swift */; };
		4D10BE342873392200249CAD /* ArticleData.swift in Sources */ = {isa = PBXBuildFile; fileRef = 4D10BE332873392200249CAD /* ArticleData.swift */; };
		4D10BE3A28733C4600249CAD /* ArticleService.swift in Sources */ = {isa = PBXBuildFile; fileRef = 4D10BE3928733C4600249CAD /* ArticleService.swift */; };
		4D496A3D28527FC7000541AC /* CityService.swift in Sources */ = {isa = PBXBuildFile; fileRef = 4D496A3C28527FC7000541AC /* CityService.swift */; };
		4D544F6F283CDEE400F9BEFE /* AppDelegate.swift in Sources */ = {isa = PBXBuildFile; fileRef = 4D544F6E283CDEE400F9BEFE /* AppDelegate.swift */; };
		4D544F71283CDEE400F9BEFE /* SceneDelegate.swift in Sources */ = {isa = PBXBuildFile; fileRef = 4D544F70283CDEE400F9BEFE /* SceneDelegate.swift */; };
		4D544F76283CDEE400F9BEFE /* Main.storyboard in Resources */ = {isa = PBXBuildFile; fileRef = 4D544F74283CDEE400F9BEFE /* Main.storyboard */; };
		4D544F79283CDEE400F9BEFE /* Expat.xcdatamodeld in Sources */ = {isa = PBXBuildFile; fileRef = 4D544F77283CDEE400F9BEFE /* Expat.xcdatamodeld */; };
		4D544F7B283CDEE400F9BEFE /* Assets.xcassets in Resources */ = {isa = PBXBuildFile; fileRef = 4D544F7A283CDEE400F9BEFE /* Assets.xcassets */; };
		4D544F7E283CDEE400F9BEFE /* LaunchScreen.storyboard in Resources */ = {isa = PBXBuildFile; fileRef = 4D544F7C283CDEE400F9BEFE /* LaunchScreen.storyboard */; };
		4D88627728647AB30035C08E /* WeatherService.swift in Sources */ = {isa = PBXBuildFile; fileRef = 4D88627628647AB30035C08E /* WeatherService.swift */; };
		4D928728283F7B0A00E6DD3B /* CityViewController.swift in Sources */ = {isa = PBXBuildFile; fileRef = 4D928727283F7B0A00E6DD3B /* CityViewController.swift */; };
		4DAD31FB2846417D00FA27EF /* DataCity.swift in Sources */ = {isa = PBXBuildFile; fileRef = 4DAD31FA2846417D00FA27EF /* DataCity.swift */; };
		4DAD31FD284655D600FA27EF /* ExchangeData.swift in Sources */ = {isa = PBXBuildFile; fileRef = 4DAD31FC284655D600FA27EF /* ExchangeData.swift */; };
		4DAD31FF284655E100FA27EF /* WeatherData.swift in Sources */ = {isa = PBXBuildFile; fileRef = 4DAD31FE284655E100FA27EF /* WeatherData.swift */; };
		4DAD32012848C8D500FA27EF /* ExchangeService.swift in Sources */ = {isa = PBXBuildFile; fileRef = 4DAD32002848C8D500FA27EF /* ExchangeService.swift */; };
		4DE77834287E11C30073753F /* ArticleTableViewController.swift in Sources */ = {isa = PBXBuildFile; fileRef = 4DE77833287E11C30073753F /* ArticleTableViewController.swift */; };
		4DE77837287EB4390073753F /* ArticlesTableViewCell.swift in Sources */ = {isa = PBXBuildFile; fileRef = 4DE77835287EB4390073753F /* ArticlesTableViewCell.swift */; };
		4DE77838287EB4390073753F /* ArticlesTableViewCell.xib in Resources */ = {isa = PBXBuildFile; fileRef = 4DE77836287EB4390073753F /* ArticlesTableViewCell.xib */; };
/* End PBXBuildFile section */

/* Begin PBXFileReference section */
		4D04677C2843F67800DFBEA4 /* CityTableViewController.swift */ = {isa = PBXFileReference; lastKnownFileType = sourcecode.swift; path = CityTableViewController.swift; sourceTree = "<group>"; };
		4D07C8DD2858AD190014BBB6 /* ListCountryData.swift */ = {isa = PBXFileReference; lastKnownFileType = sourcecode.swift; path = ListCountryData.swift; sourceTree = "<group>"; };
		4D07C8DF2858ADA80014BBB6 /* ListCountryService.swift */ = {isa = PBXFileReference; lastKnownFileType = sourcecode.swift; path = ListCountryService.swift; sourceTree = "<group>"; };
		4D10BE332873392200249CAD /* ArticleData.swift */ = {isa = PBXFileReference; lastKnownFileType = sourcecode.swift; path = ArticleData.swift; sourceTree = "<group>"; };
		4D10BE3928733C4600249CAD /* ArticleService.swift */ = {isa = PBXFileReference; lastKnownFileType = sourcecode.swift; path = ArticleService.swift; sourceTree = "<group>"; };
		4D496A3C28527FC7000541AC /* CityService.swift */ = {isa = PBXFileReference; lastKnownFileType = sourcecode.swift; path = CityService.swift; sourceTree = "<group>"; };
		4D544F6B283CDEE400F9BEFE /* Expat.app */ = {isa = PBXFileReference; explicitFileType = wrapper.application; includeInIndex = 0; path = Expat.app; sourceTree = BUILT_PRODUCTS_DIR; };
		4D544F6E283CDEE400F9BEFE /* AppDelegate.swift */ = {isa = PBXFileReference; lastKnownFileType = sourcecode.swift; path = AppDelegate.swift; sourceTree = "<group>"; };
		4D544F70283CDEE400F9BEFE /* SceneDelegate.swift */ = {isa = PBXFileReference; lastKnownFileType = sourcecode.swift; path = SceneDelegate.swift; sourceTree = "<group>"; };
		4D544F75283CDEE400F9BEFE /* Base */ = {isa = PBXFileReference; lastKnownFileType = file.storyboard; name = Base; path = Base.lproj/Main.storyboard; sourceTree = "<group>"; };
		4D544F78283CDEE400F9BEFE /* Expat.xcdatamodel */ = {isa = PBXFileReference; lastKnownFileType = wrapper.xcdatamodel; path = Expat.xcdatamodel; sourceTree = "<group>"; };
		4D544F7A283CDEE400F9BEFE /* Assets.xcassets */ = {isa = PBXFileReference; lastKnownFileType = folder.assetcatalog; path = Assets.xcassets; sourceTree = "<group>"; };
		4D544F7D283CDEE400F9BEFE /* Base */ = {isa = PBXFileReference; lastKnownFileType = file.storyboard; name = Base; path = Base.lproj/LaunchScreen.storyboard; sourceTree = "<group>"; };
		4D544F7F283CDEE400F9BEFE /* Info.plist */ = {isa = PBXFileReference; lastKnownFileType = text.plist.xml; path = Info.plist; sourceTree = "<group>"; };
		4D88627628647AB30035C08E /* WeatherService.swift */ = {isa = PBXFileReference; lastKnownFileType = sourcecode.swift; path = WeatherService.swift; sourceTree = "<group>"; };
		4D928727283F7B0A00E6DD3B /* CityViewController.swift */ = {isa = PBXFileReference; lastKnownFileType = sourcecode.swift; path = CityViewController.swift; sourceTree = "<group>"; };
		4DAD31FA2846417D00FA27EF /* DataCity.swift */ = {isa = PBXFileReference; lastKnownFileType = sourcecode.swift; path = DataCity.swift; sourceTree = "<group>"; };
		4DAD31FC284655D600FA27EF /* ExchangeData.swift */ = {isa = PBXFileReference; lastKnownFileType = sourcecode.swift; path = ExchangeData.swift; sourceTree = "<group>"; };
		4DAD31FE284655E100FA27EF /* WeatherData.swift */ = {isa = PBXFileReference; lastKnownFileType = sourcecode.swift; path = WeatherData.swift; sourceTree = "<group>"; };
		4DAD32002848C8D500FA27EF /* ExchangeService.swift */ = {isa = PBXFileReference; lastKnownFileType = sourcecode.swift; path = ExchangeService.swift; sourceTree = "<group>"; };
		4DE77833287E11C30073753F /* ArticleTableViewController.swift */ = {isa = PBXFileReference; lastKnownFileType = sourcecode.swift; path = ArticleTableViewController.swift; sourceTree = "<group>"; };
		4DE77835287EB4390073753F /* ArticlesTableViewCell.swift */ = {isa = PBXFileReference; lastKnownFileType = sourcecode.swift; path = ArticlesTableViewCell.swift; sourceTree = "<group>"; };
		4DE77836287EB4390073753F /* ArticlesTableViewCell.xib */ = {isa = PBXFileReference; lastKnownFileType = file.xib; path = ArticlesTableViewCell.xib; sourceTree = "<group>"; };
/* End PBXFileReference section */

/* Begin PBXFrameworksBuildPhase section */
		4D544F68283CDEE400F9BEFE /* Frameworks */ = {
			isa = PBXFrameworksBuildPhase;
			buildActionMask = 2147483647;
			files = (
			);
			runOnlyForDeploymentPostprocessing = 0;
		};
/* End PBXFrameworksBuildPhase section */

/* Begin PBXGroup section */
		4D0CD8C42875B6BC00ED53A5 /* Article  */ = {
			isa = PBXGroup;
			children = (
				4D10BE332873392200249CAD /* ArticleData.swift */,
				4D10BE3928733C4600249CAD /* ArticleService.swift */,
			);
			path = "Article ";
			sourceTree = "<group>";
		};
		4D544F62283CDEE400F9BEFE = {
			isa = PBXGroup;
			children = (
				4D544F6D283CDEE400F9BEFE /* Expat */,
				4D544F6C283CDEE400F9BEFE /* Products */,
			);
			sourceTree = "<group>";
		};
		4D544F6C283CDEE400F9BEFE /* Products */ = {
			isa = PBXGroup;
			children = (
				4D544F6B283CDEE400F9BEFE /* Expat.app */,
			);
			name = Products;
			sourceTree = "<group>";
		};
		4D544F6D283CDEE400F9BEFE /* Expat */ = {
			isa = PBXGroup;
			children = (
				4D544F88283CDF2A00F9BEFE /* Support */,
				4D544F86283CDEFF00F9BEFE /* ViewController */,
				4D544F85283CDEF600F9BEFE /* Model */,
				4D544F7F283CDEE400F9BEFE /* Info.plist */,
				4D544F77283CDEE400F9BEFE /* Expat.xcdatamodeld */,
			);
			path = Expat;
			sourceTree = "<group>";
		};
		4D544F85283CDEF600F9BEFE /* Model */ = {
			isa = PBXGroup;
			children = (
				4D8862752862366F0035C08E /* Weather */,
				4D886274286236600035C08E /* Exchange */,
				4D9287302842755100E6DD3B /* Country */,
				4D0CD8C42875B6BC00ED53A5 /* Article  */,
			);
			path = Model;
			sourceTree = "<group>";
		};
		4D544F86283CDEFF00F9BEFE /* ViewController */ = {
			isa = PBXGroup;
			children = (
				4D544F89283CDF4200F9BEFE /* View */,
				4D928727283F7B0A00E6DD3B /* CityViewController.swift */,
				4DE77833287E11C30073753F /* ArticleTableViewController.swift */,
				4D04677C2843F67800DFBEA4 /* CityTableViewController.swift */,
			);
			path = ViewController;
			sourceTree = "<group>";
		};
		4D544F88283CDF2A00F9BEFE /* Support */ = {
			isa = PBXGroup;
			children = (
				4D544F6E283CDEE400F9BEFE /* AppDelegate.swift */,
				4D544F70283CDEE400F9BEFE /* SceneDelegate.swift */,
			);
			path = Support;
			sourceTree = "<group>";
		};
		4D544F89283CDF4200F9BEFE /* View */ = {
			isa = PBXGroup;
			children = (
				4D544F7A283CDEE400F9BEFE /* Assets.xcassets */,
				4D544F7C283CDEE400F9BEFE /* LaunchScreen.storyboard */,
				4D544F74283CDEE400F9BEFE /* Main.storyboard */,
				4DE77835287EB4390073753F /* ArticlesTableViewCell.swift */,
				4DE77836287EB4390073753F /* ArticlesTableViewCell.xib */,
			);
			path = View;
			sourceTree = "<group>";
		};
		4D886274286236600035C08E /* Exchange */ = {
			isa = PBXGroup;
			children = (
				4DAD32002848C8D500FA27EF /* ExchangeService.swift */,
				4DAD31FC284655D600FA27EF /* ExchangeData.swift */,
			);
			path = Exchange;
			sourceTree = "<group>";
		};
		4D8862752862366F0035C08E /* Weather */ = {
			isa = PBXGroup;
			children = (
				4DAD31FE284655E100FA27EF /* WeatherData.swift */,
				4D88627628647AB30035C08E /* WeatherService.swift */,
			);
			path = Weather;
			sourceTree = "<group>";
		};
		4D9287302842755100E6DD3B /* Country */ = {
			isa = PBXGroup;
			children = (
				4DAD31FA2846417D00FA27EF /* DataCity.swift */,
				4D496A3C28527FC7000541AC /* CityService.swift */,
				4D07C8DD2858AD190014BBB6 /* ListCountryData.swift */,
				4D07C8DF2858ADA80014BBB6 /* ListCountryService.swift */,
			);
			path = Country;
			sourceTree = "<group>";
		};
/* End PBXGroup section */

/* Begin PBXNativeTarget section */
		4D544F6A283CDEE400F9BEFE /* Expat */ = {
			isa = PBXNativeTarget;
			buildConfigurationList = 4D544F82283CDEE400F9BEFE /* Build configuration list for PBXNativeTarget "Expat" */;
			buildPhases = (
				4D544F67283CDEE400F9BEFE /* Sources */,
				4D544F68283CDEE400F9BEFE /* Frameworks */,
				4D544F69283CDEE400F9BEFE /* Resources */,
			);
			buildRules = (
			);
			dependencies = (
			);
			name = Expat;
			productName = Expat;
			productReference = 4D544F6B283CDEE400F9BEFE /* Expat.app */;
			productType = "com.apple.product-type.application";
		};
/* End PBXNativeTarget section */

/* Begin PBXProject section */
		4D544F63283CDEE400F9BEFE /* Project object */ = {
			isa = PBXProject;
			attributes = {
				BuildIndependentTargetsInParallel = 1;
				LastSwiftUpdateCheck = 1330;
				LastUpgradeCheck = 1330;
				TargetAttributes = {
					4D544F6A283CDEE400F9BEFE = {
						CreatedOnToolsVersion = 13.3.1;
					};
				};
			};
			buildConfigurationList = 4D544F66283CDEE400F9BEFE /* Build configuration list for PBXProject "Expat" */;
			compatibilityVersion = "Xcode 13.0";
			developmentRegion = en;
			hasScannedForEncodings = 0;
			knownRegions = (
				en,
				Base,
			);
			mainGroup = 4D544F62283CDEE400F9BEFE;
			productRefGroup = 4D544F6C283CDEE400F9BEFE /* Products */;
			projectDirPath = "";
			projectRoot = "";
			targets = (
				4D544F6A283CDEE400F9BEFE /* Expat */,
			);
		};
/* End PBXProject section */

/* Begin PBXResourcesBuildPhase section */
		4D544F69283CDEE400F9BEFE /* Resources */ = {
			isa = PBXResourcesBuildPhase;
			buildActionMask = 2147483647;
			files = (
				4DE77838287EB4390073753F /* ArticlesTableViewCell.xib in Resources */,
				4D544F7E283CDEE400F9BEFE /* LaunchScreen.storyboard in Resources */,
				4D544F7B283CDEE400F9BEFE /* Assets.xcassets in Resources */,
				4D544F76283CDEE400F9BEFE /* Main.storyboard in Resources */,
			);
			runOnlyForDeploymentPostprocessing = 0;
		};
/* End PBXResourcesBuildPhase section */

/* Begin PBXSourcesBuildPhase section */
		4D544F67283CDEE400F9BEFE /* Sources */ = {
			isa = PBXSourcesBuildPhase;
			buildActionMask = 2147483647;
			files = (
				4D10BE342873392200249CAD /* ArticleData.swift in Sources */,
				4DAD31FF284655E100FA27EF /* WeatherData.swift in Sources */,
				4D544F79283CDEE400F9BEFE /* Expat.xcdatamodeld in Sources */,
				4D496A3D28527FC7000541AC /* CityService.swift in Sources */,
				4D10BE3A28733C4600249CAD /* ArticleService.swift in Sources */,
				4D07C8DE2858AD190014BBB6 /* ListCountryData.swift in Sources */,
				4DAD31FB2846417D00FA27EF /* DataCity.swift in Sources */,
				4D544F6F283CDEE400F9BEFE /* AppDelegate.swift in Sources */,
				4D544F71283CDEE400F9BEFE /* SceneDelegate.swift in Sources */,
				4D04677D2843F67800DFBEA4 /* CityTableViewController.swift in Sources */,
				4DE77837287EB4390073753F /* ArticlesTableViewCell.swift in Sources */,
				4D88627728647AB30035C08E /* WeatherService.swift in Sources */,
				4D928728283F7B0A00E6DD3B /* CityViewController.swift in Sources */,
				4DAD31FD284655D600FA27EF /* ExchangeData.swift in Sources */,
				4DAD32012848C8D500FA27EF /* ExchangeService.swift in Sources */,
				4D07C8E02858ADA80014BBB6 /* ListCountryService.swift in Sources */,
				4DE77834287E11C30073753F /* ArticleTableViewController.swift in Sources */,
			);
			runOnlyForDeploymentPostprocessing = 0;
		};
/* End PBXSourcesBuildPhase section */

/* Begin PBXVariantGroup section */
		4D544F74283CDEE400F9BEFE /* Main.storyboard */ = {
			isa = PBXVariantGroup;
			children = (
				4D544F75283CDEE400F9BEFE /* Base */,
			);
			name = Main.storyboard;
			sourceTree = "<group>";
		};
		4D544F7C283CDEE400F9BEFE /* LaunchScreen.storyboard */ = {
			isa = PBXVariantGroup;
			children = (
				4D544F7D283CDEE400F9BEFE /* Base */,
			);
			name = LaunchScreen.storyboard;
			sourceTree = "<group>";
		};
/* End PBXVariantGroup section */

/* Begin XCBuildConfiguration section */
		4D544F80283CDEE400F9BEFE /* Debug */ = {
			isa = XCBuildConfiguration;
			buildSettings = {
				ALWAYS_SEARCH_USER_PATHS = NO;
				CLANG_ANALYZER_NONNULL = YES;
				CLANG_ANALYZER_NUMBER_OBJECT_CONVERSION = YES_AGGRESSIVE;
				CLANG_CXX_LANGUAGE_STANDARD = "gnu++17";
				CLANG_ENABLE_MODULES = YES;
				CLANG_ENABLE_OBJC_ARC = YES;
				CLANG_ENABLE_OBJC_WEAK = YES;
				CLANG_WARN_BLOCK_CAPTURE_AUTORELEASING = YES;
				CLANG_WARN_BOOL_CONVERSION = YES;
				CLANG_WARN_COMMA = YES;
				CLANG_WARN_CONSTANT_CONVERSION = YES;
				CLANG_WARN_DEPRECATED_OBJC_IMPLEMENTATIONS = YES;
				CLANG_WARN_DIRECT_OBJC_ISA_USAGE = YES_ERROR;
				CLANG_WARN_DOCUMENTATION_COMMENTS = YES;
				CLANG_WARN_EMPTY_BODY = YES;
				CLANG_WARN_ENUM_CONVERSION = YES;
				CLANG_WARN_INFINITE_RECURSION = YES;
				CLANG_WARN_INT_CONVERSION = YES;
				CLANG_WARN_NON_LITERAL_NULL_CONVERSION = YES;
				CLANG_WARN_OBJC_IMPLICIT_RETAIN_SELF = YES;
				CLANG_WARN_OBJC_LITERAL_CONVERSION = YES;
				CLANG_WARN_OBJC_ROOT_CLASS = YES_ERROR;
				CLANG_WARN_QUOTED_INCLUDE_IN_FRAMEWORK_HEADER = YES;
				CLANG_WARN_RANGE_LOOP_ANALYSIS = YES;
				CLANG_WARN_STRICT_PROTOTYPES = YES;
				CLANG_WARN_SUSPICIOUS_MOVE = YES;
				CLANG_WARN_UNGUARDED_AVAILABILITY = YES_AGGRESSIVE;
				CLANG_WARN_UNREACHABLE_CODE = YES;
				CLANG_WARN__DUPLICATE_METHOD_MATCH = YES;
				COPY_PHASE_STRIP = NO;
				DEBUG_INFORMATION_FORMAT = dwarf;
				ENABLE_STRICT_OBJC_MSGSEND = YES;
				ENABLE_TESTABILITY = YES;
				GCC_C_LANGUAGE_STANDARD = gnu11;
				GCC_DYNAMIC_NO_PIC = NO;
				GCC_NO_COMMON_BLOCKS = YES;
				GCC_OPTIMIZATION_LEVEL = 0;
				GCC_PREPROCESSOR_DEFINITIONS = (
					"DEBUG=1",
					"$(inherited)",
				);
				GCC_WARN_64_TO_32_BIT_CONVERSION = YES;
				GCC_WARN_ABOUT_RETURN_TYPE = YES_ERROR;
				GCC_WARN_UNDECLARED_SELECTOR = YES;
				GCC_WARN_UNINITIALIZED_AUTOS = YES_AGGRESSIVE;
				GCC_WARN_UNUSED_FUNCTION = YES;
				GCC_WARN_UNUSED_VARIABLE = YES;
				IPHONEOS_DEPLOYMENT_TARGET = 15.4;
				MTL_ENABLE_DEBUG_INFO = INCLUDE_SOURCE;
				MTL_FAST_MATH = YES;
				ONLY_ACTIVE_ARCH = YES;
				SDKROOT = iphoneos;
				SWIFT_ACTIVE_COMPILATION_CONDITIONS = DEBUG;
				SWIFT_OPTIMIZATION_LEVEL = "-Onone";
			};
			name = Debug;
		};
		4D544F81283CDEE400F9BEFE /* Release */ = {
			isa = XCBuildConfiguration;
			buildSettings = {
				ALWAYS_SEARCH_USER_PATHS = NO;
				CLANG_ANALYZER_NONNULL = YES;
				CLANG_ANALYZER_NUMBER_OBJECT_CONVERSION = YES_AGGRESSIVE;
				CLANG_CXX_LANGUAGE_STANDARD = "gnu++17";
				CLANG_ENABLE_MODULES = YES;
				CLANG_ENABLE_OBJC_ARC = YES;
				CLANG_ENABLE_OBJC_WEAK = YES;
				CLANG_WARN_BLOCK_CAPTURE_AUTORELEASING = YES;
				CLANG_WARN_BOOL_CONVERSION = YES;
				CLANG_WARN_COMMA = YES;
				CLANG_WARN_CONSTANT_CONVERSION = YES;
				CLANG_WARN_DEPRECATED_OBJC_IMPLEMENTATIONS = YES;
				CLANG_WARN_DIRECT_OBJC_ISA_USAGE = YES_ERROR;
				CLANG_WARN_DOCUMENTATION_COMMENTS = YES;
				CLANG_WARN_EMPTY_BODY = YES;
				CLANG_WARN_ENUM_CONVERSION = YES;
				CLANG_WARN_INFINITE_RECURSION = YES;
				CLANG_WARN_INT_CONVERSION = YES;
				CLANG_WARN_NON_LITERAL_NULL_CONVERSION = YES;
				CLANG_WARN_OBJC_IMPLICIT_RETAIN_SELF = YES;
				CLANG_WARN_OBJC_LITERAL_CONVERSION = YES;
				CLANG_WARN_OBJC_ROOT_CLASS = YES_ERROR;
				CLANG_WARN_QUOTED_INCLUDE_IN_FRAMEWORK_HEADER = YES;
				CLANG_WARN_RANGE_LOOP_ANALYSIS = YES;
				CLANG_WARN_STRICT_PROTOTYPES = YES;
				CLANG_WARN_SUSPICIOUS_MOVE = YES;
				CLANG_WARN_UNGUARDED_AVAILABILITY = YES_AGGRESSIVE;
				CLANG_WARN_UNREACHABLE_CODE = YES;
				CLANG_WARN__DUPLICATE_METHOD_MATCH = YES;
				COPY_PHASE_STRIP = NO;
				DEBUG_INFORMATION_FORMAT = "dwarf-with-dsym";
				ENABLE_NS_ASSERTIONS = NO;
				ENABLE_STRICT_OBJC_MSGSEND = YES;
				GCC_C_LANGUAGE_STANDARD = gnu11;
				GCC_NO_COMMON_BLOCKS = YES;
				GCC_WARN_64_TO_32_BIT_CONVERSION = YES;
				GCC_WARN_ABOUT_RETURN_TYPE = YES_ERROR;
				GCC_WARN_UNDECLARED_SELECTOR = YES;
				GCC_WARN_UNINITIALIZED_AUTOS = YES_AGGRESSIVE;
				GCC_WARN_UNUSED_FUNCTION = YES;
				GCC_WARN_UNUSED_VARIABLE = YES;
				IPHONEOS_DEPLOYMENT_TARGET = 15.4;
				MTL_ENABLE_DEBUG_INFO = NO;
				MTL_FAST_MATH = YES;
				SDKROOT = iphoneos;
				SWIFT_COMPILATION_MODE = wholemodule;
				SWIFT_OPTIMIZATION_LEVEL = "-O";
				VALIDATE_PRODUCT = YES;
			};
			name = Release;
		};
		4D544F83283CDEE400F9BEFE /* Debug */ = {
			isa = XCBuildConfiguration;
			buildSettings = {
				ASSETCATALOG_COMPILER_APPICON_NAME = AppIcon;
				ASSETCATALOG_COMPILER_GLOBAL_ACCENT_COLOR_NAME = AccentColor;
				CODE_SIGN_STYLE = Automatic;
				CURRENT_PROJECT_VERSION = 1;
				DEVELOPMENT_TEAM = 2MSLYVU6K6;
				GENERATE_INFOPLIST_FILE = YES;
				INFOPLIST_FILE = Expat/Info.plist;
				INFOPLIST_KEY_UIApplicationSupportsIndirectInputEvents = YES;
				INFOPLIST_KEY_UILaunchStoryboardName = LaunchScreen;
				INFOPLIST_KEY_UIMainStoryboardFile = Main;
				INFOPLIST_KEY_UISupportedInterfaceOrientations_iPad = "UIInterfaceOrientationPortrait UIInterfaceOrientationPortraitUpsideDown UIInterfaceOrientationLandscapeLeft UIInterfaceOrientationLandscapeRight";
				INFOPLIST_KEY_UISupportedInterfaceOrientations_iPhone = "UIInterfaceOrientationPortrait UIInterfaceOrientationLandscapeLeft UIInterfaceOrientationLandscapeRight";
				IPHONEOS_DEPLOYMENT_TARGET = 15.5;
				LD_RUNPATH_SEARCH_PATHS = (
					"$(inherited)",
					"@executable_path/Frameworks",
				);
				MARKETING_VERSION = 1.0;
				PRODUCT_BUNDLE_IDENTIFIER = rodolphe.schnetzer.Expat;
				PRODUCT_NAME = "$(TARGET_NAME)";
				SWIFT_EMIT_LOC_STRINGS = YES;
				SWIFT_VERSION = 5.0;
				TARGETED_DEVICE_FAMILY = 1;
			};
			name = Debug;
		};
		4D544F84283CDEE400F9BEFE /* Release */ = {
			isa = XCBuildConfiguration;
			buildSettings = {
				ASSETCATALOG_COMPILER_APPICON_NAME = AppIcon;
				ASSETCATALOG_COMPILER_GLOBAL_ACCENT_COLOR_NAME = AccentColor;
				CODE_SIGN_STYLE = Automatic;
				CURRENT_PROJECT_VERSION = 1;
				DEVELOPMENT_TEAM = 2MSLYVU6K6;
				GENERATE_INFOPLIST_FILE = YES;
				INFOPLIST_FILE = Expat/Info.plist;
				INFOPLIST_KEY_UIApplicationSupportsIndirectInputEvents = YES;
				INFOPLIST_KEY_UILaunchStoryboardName = LaunchScreen;
				INFOPLIST_KEY_UIMainStoryboardFile = Main;
				INFOPLIST_KEY_UISupportedInterfaceOrientations_iPad = "UIInterfaceOrientationPortrait UIInterfaceOrientationPortraitUpsideDown UIInterfaceOrientationLandscapeLeft UIInterfaceOrientationLandscapeRight";
				INFOPLIST_KEY_UISupportedInterfaceOrientations_iPhone = "UIInterfaceOrientationPortrait UIInterfaceOrientationLandscapeLeft UIInterfaceOrientationLandscapeRight";
				IPHONEOS_DEPLOYMENT_TARGET = 15.5;
				LD_RUNPATH_SEARCH_PATHS = (
					"$(inherited)",
					"@executable_path/Frameworks",
				);
				MARKETING_VERSION = 1.0;
				PRODUCT_BUNDLE_IDENTIFIER = rodolphe.schnetzer.Expat;
				PRODUCT_NAME = "$(TARGET_NAME)";
				SWIFT_EMIT_LOC_STRINGS = YES;
				SWIFT_VERSION = 5.0;
				TARGETED_DEVICE_FAMILY = 1;
			};
			name = Release;
		};
/* End XCBuildConfiguration section */

/* Begin XCConfigurationList section */
		4D544F66283CDEE400F9BEFE /* Build configuration list for PBXProject "Expat" */ = {
			isa = XCConfigurationList;
			buildConfigurations = (
				4D544F80283CDEE400F9BEFE /* Debug */,
				4D544F81283CDEE400F9BEFE /* Release */,
			);
			defaultConfigurationIsVisible = 0;
			defaultConfigurationName = Release;
		};
		4D544F82283CDEE400F9BEFE /* Build configuration list for PBXNativeTarget "Expat" */ = {
			isa = XCConfigurationList;
			buildConfigurations = (
				4D544F83283CDEE400F9BEFE /* Debug */,
				4D544F84283CDEE400F9BEFE /* Release */,
			);
			defaultConfigurationIsVisible = 0;
			defaultConfigurationName = Release;
		};
/* End XCConfigurationList section */

/* Begin XCVersionGroup section */
		4D544F77283CDEE400F9BEFE /* Expat.xcdatamodeld */ = {
			isa = XCVersionGroup;
			children = (
				4D544F78283CDEE400F9BEFE /* Expat.xcdatamodel */,
			);
			currentVersion = 4D544F78283CDEE400F9BEFE /* Expat.xcdatamodel */;
			path = Expat.xcdatamodeld;
			sourceTree = "<group>";
			versionGroupType = wrapper.xcdatamodel;
		};
/* End XCVersionGroup section */
	};
	rootObject = 4D544F63283CDEE400F9BEFE /* Project object */;
}
